
Microsoft Visual Studio Solution File, Format Version 12.00
# Visual Studio 14
VisualStudioVersion = 14.0.25123.0
MinimumVisualStudioVersion = 10.0.40219.1
Project("{FAE04EC0-301F-11D3-BF4B-00C04F79EFBC}") = "CLControl", "CLControl\CLControl.csproj", "{69817DC8-AEF2-44F3-ADA8-BA5BCAD8C1BA}"
EndProject
Project("{54435603-DBB4-11D2-8724-00A0C9A8B90C}") = "Setup", "Setup\Setup.vdproj", "{D2E21835-5450-45F5-9478-861CAB43267F}"
EndProject
Global
	GlobalSection(SolutionConfigurationPlatforms) = preSolution
		Debug|Any CPU = Debug|Any CPU
		Release|Any CPU = Release|Any CPU
	EndGlobalSection
	GlobalSection(ProjectConfigurationPlatforms) = postSolution
		{69817DC8-AEF2-44F3-ADA8-BA5BCAD8C1BA}.Debug|Any CPU.ActiveCfg = Debug|Any CPU
		{69817DC8-AEF2-44F3-ADA8-BA5BCAD8C1BA}.Debug|Any CPU.Build.0 = Debug|Any CPU
		{69817DC8-AEF2-44F3-ADA8-BA5BCAD8C1BA}.Release|Any CPU.ActiveCfg = Release|Any CPU
		{69817DC8-AEF2-44F3-ADA8-BA5BCAD8C1BA}.Release|Any CPU.Build.0 = Release|Any CPU
		{D2E21835-5450-45F5-9478-861CAB43267F}.Debug|Any CPU.ActiveCfg = Debug
		{D2E21835-5450-45F5-9478-861CAB43267F}.Release|Any CPU.ActiveCfg = Release
	EndGlobalSection
	GlobalSection(SolutionProperties) = preSolution
		HideSolutionNode = FALSE
	EndGlobalSection
EndGlobal
